PODS:
  - IdentityCard (0.1.0):
    - YYModel
  - YYModel (1.0.4)

DEPENDENCIES:
  - IdentityCard (from `../`)

EXTERNAL SOURCES:
  IdentityCard:
    :path: ../

SPEC CHECKSUMS:
  IdentityCard: 8b246163b7ed016a12592fceb74c93f400f0c7ba
  YYModel: 2a7fdd96aaa4b86a824e26d0c517de8928c04b30

PODFILE CHECKSUM: 88803caae1bea39a46d302b75aa79877a92a4cdb

COCOAPODS: 1.1.1
